
Microsoft Visual Studio Solution File, Format Version 12.00
# Visual Studio 15
VisualStudioVersion = 15.0.27130.2027
MinimumVisualStudioVersion = 10.0.40219.1
Project("{2150E333-8FDC-42A3-9474-1A3956D46DE8}") = "Tests", "Tests", "{8DB090CD-1F59-41D6-89FD-7209A6F4BA20}"
EndProject
Project("{2150E333-8FDC-42A3-9474-1A3956D46DE8}") = "Presentation", "Presentation", "{BB970E7C-C15F-41AB-937B-D48BEEF005E7}"
EndProject
Project("{2150E333-8FDC-42A3-9474-1A3956D46DE8}") = "Libraries", "Libraries", "{64DBD227-0388-46A8-AEA8-1D1E82581AA4}"
EndProject
Project("{FAE04EC0-301F-11D3-BF4B-00C04F79EFBC}") = "Uxc.Mud.Domain", "Libraries\Uxc.Mud.Domain\Uxc.Mud.Domain.csproj", "{EC58CEF0-9D3E-4D77-8BED-B159BF001537}"
EndProject
Project("{FAE04EC0-301F-11D3-BF4B-00C04F79EFBC}") = "Uxc.Mud.Persistence", "Libraries\Uxc.Mud.Persistence\Uxc.Mud.Persistence.csproj", "{B8EEFFEE-8936-4EF8-AA6F-6D39E0A13367}"
EndProject
Project("{FAE04EC0-301F-11D3-BF4B-00C04F79EFBC}") = "Uxc.Mud.Web", "Presentation\Uxc.Mud.Web\Uxc.Mud.Web.csproj", "{5BAB365F-F3A1-4C50-BE26-49789D30B939}"
EndProject
Project("{FAE04EC0-301F-11D3-BF4B-00C04F79EFBC}") = "Uxc.Mud.Domain.Tests", "Tests\Uxc.Mud.Domain.Tests\Uxc.Mud.Domain.Tests.csproj", "{C1F6FA8F-8680-4DE7-A93F-6049CB4D503C}"
EndProject
Global
	GlobalSection(SolutionConfigurationPlatforms) = preSolution
		Debug|Any CPU = Debug|Any CPU
		Release|Any CPU = Release|Any CPU
	EndGlobalSection
	GlobalSection(ProjectConfigurationPlatforms) = postSolution
		{EC58CEF0-9D3E-4D77-8BED-B159BF001537}.Debug|Any CPU.ActiveCfg = Debug|Any CPU
		{EC58CEF0-9D3E-4D77-8BED-B159BF001537}.Debug|Any CPU.Build.0 = Debug|Any CPU
		{EC58CEF0-9D3E-4D77-8BED-B159BF001537}.Release|Any CPU.ActiveCfg = Release|Any CPU
		{EC58CEF0-9D3E-4D77-8BED-B159BF001537}.Release|Any CPU.Build.0 = Release|Any CPU
		{B8EEFFEE-8936-4EF8-AA6F-6D39E0A13367}.Debug|Any CPU.ActiveCfg = Debug|Any CPU
		{B8EEFFEE-8936-4EF8-AA6F-6D39E0A13367}.Debug|Any CPU.Build.0 = Debug|Any CPU
		{B8EEFFEE-8936-4EF8-AA6F-6D39E0A13367}.Release|Any CPU.ActiveCfg = Release|Any CPU
		{B8EEFFEE-8936-4EF8-AA6F-6D39E0A13367}.Release|Any CPU.Build.0 = Release|Any CPU
		{5BAB365F-F3A1-4C50-BE26-49789D30B939}.Debug|Any CPU.ActiveCfg = Debug|Any CPU
		{5BAB365F-F3A1-4C50-BE26-49789D30B939}.Debug|Any CPU.Build.0 = Debug|Any CPU
		{5BAB365F-F3A1-4C50-BE26-49789D30B939}.Release|Any CPU.ActiveCfg = Release|Any CPU
		{5BAB365F-F3A1-4C50-BE26-49789D30B939}.Release|Any CPU.Build.0 = Release|Any CPU
		{C1F6FA8F-8680-4DE7-A93F-6049CB4D503C}.Debug|Any CPU.ActiveCfg = Debug|Any CPU
		{C1F6FA8F-8680-4DE7-A93F-6049CB4D503C}.Debug|Any CPU.Build.0 = Debug|Any CPU
		{C1F6FA8F-8680-4DE7-A93F-6049CB4D503C}.Release|Any CPU.ActiveCfg = Release|Any CPU
		{C1F6FA8F-8680-4DE7-A93F-6049CB4D503C}.Release|Any CPU.Build.0 = Release|Any CPU
	EndGlobalSection
	GlobalSection(SolutionProperties) = preSolution
		HideSolutionNode = FALSE
	EndGlobalSection
	GlobalSection(NestedProjects) = preSolution
		{EC58CEF0-9D3E-4D77-8BED-B159BF001537} = {64DBD227-0388-46A8-AEA8-1D1E82581AA4}
		{B8EEFFEE-8936-4EF8-AA6F-6D39E0A13367} = {64DBD227-0388-46A8-AEA8-1D1E82581AA4}
		{5BAB365F-F3A1-4C50-BE26-49789D30B939} = {BB970E7C-C15F-41AB-937B-D48BEEF005E7}
		{C1F6FA8F-8680-4DE7-A93F-6049CB4D503C} = {8DB090CD-1F59-41D6-89FD-7209A6F4BA20}
	EndGlobalSection
	GlobalSection(ExtensibilityGlobals) = postSolution
		SolutionGuid = {AD3788B7-DA0B-4367-BBBF-513E2A33082E}
	EndGlobalSection
EndGlobal
